
Microsoft Visual Studio Solution File, Format Version 12.00
# Visual Studio Version 17
VisualStudioVersion = 17.4.33205.214
MinimumVisualStudioVersion = 10.0.40219.1
Project("{FAE04EC0-301F-11D3-BF4B-00C04F79EFBC}") = "Becomentario", "Becomentario\Becomentario.csproj", "{4729C8C3-53D5-4866-82C4-0919A3F0FB11}"
EndProject
Global
	GlobalSection(SolutionConfigurationPlatforms) = preSolution
		Debug|Any CPU = Debug|Any CPU
		Release|Any CPU = Release|Any CPU
	EndGlobalSection
	GlobalSection(ProjectConfigurationPlatforms) = postSolution
		{4729C8C3-53D5-4866-82C4-0919A3F0FB11}.Debug|Any CPU.ActiveCfg = Debug|Any CPU
		{4729C8C3-53D5-4866-82C4-0919A3F0FB11}.Debug|Any CPU.Build.0 = Debug|Any CPU
		{4729C8C3-53D5-4866-82C4-0919A3F0FB11}.Release|Any CPU.ActiveCfg = Release|Any CPU
		{4729C8C3-53D5-4866-82C4-0919A3F0FB11}.Release|Any CPU.Build.0 = Release|Any CPU
	EndGlobalSection
	GlobalSection(SolutionProperties) = preSolution
		HideSolutionNode = FALSE
	EndGlobalSection
	GlobalSection(ExtensibilityGlobals) = postSolution
		SolutionGuid = {A112E76E-2A6D-4E87-B46F-BD7F701F5D0A}
	EndGlobalSection
EndGlobal
